# This file is generated by running "yarn install" inside your project.
# Manual changes might be lost - proceed with caution!

__metadata:
  version: 8
  cacheKey: 10c0

"@bracketed/jova-plugins@workspace:.":
  version: 0.0.0-use.local
  resolution: "@bracketed/jova-plugins@workspace:."
  dependencies:
    "@bracketed/prettier-configuration": "npm:^1.0.0"
    "@bracketed/typescript-config": "npm:^4.7.1"
    prettier: "npm:^3.6.2"
    typescript: "npm:^5.8.3"
  languageName: unknown
  linkType: soft

"@bracketed/prettier-configuration@npm:^1.0.0":
  version: 1.0.0
  resolution: "@bracketed/prettier-configuration@npm:1.0.0"
  dependencies:
    "@prettier/plugin-php": "npm:^0.24.0"
    "@prettier/plugin-pug": "npm:^3.4.0"
    "@prettier/plugin-ruby": "npm:^4.0.4"
    "@prettier/plugin-xml": "npm:^3.4.2"
    prettier: "npm:^3.6.2"
    prettier-plugin-css-order: "npm:^2.1.2"
    prettier-plugin-embed: "npm:^0.5.0"
    prettier-plugin-jsdoc: "npm:^1.3.3"
    prettier-plugin-jsdoc-type: "npm:^0.1.12"
    prettier-plugin-merge: "npm:^0.8.0"
    prettier-plugin-prisma: "npm:^5.0.0"
    prettier-plugin-sh: "npm:^0.18.0"
    prettier-plugin-sort-imports: "npm:^1.8.8"
    prettier-plugin-sort-json: "npm:^4.1.1"
    prettier-plugin-sort-package-json: "npm:^1.1.0"
    prettier-plugin-sql: "npm:^0.19.2"
    prettier-plugin-tailwindcss: "npm:^0.6.14"
  peerDependencies:
    prettier: ^3.6.2
  checksum: 10c0/565e976d0659d9ba9afe6838e056645b8028eeece12d1f88e8fd2512eed8196e83955355cac83585406324ee7cacc842662ba6851597a11286f47452c66ebb14
  languageName: node
  linkType: hard

"@bracketed/typescript-config@npm:^4.7.1":
  version: 4.7.1
  resolution: "@bracketed/typescript-config@npm:4.7.1"
  checksum: 10c0/a307c144c2fa92cb4af08d8e7001dfc7326cea524aba28e63f29c9457615a31f55e166e44b978041edab0cb2f4caec0e1cd4d8b095c2e6ccfad643a42b6e774f
  languageName: node
  linkType: hard

"@prettier/plugin-php@npm:^0.24.0":
  version: 0.24.0
  resolution: "@prettier/plugin-php@npm:0.24.0"
  dependencies:
    linguist-languages: "npm:^8.0.0"
    php-parser: "npm:^3.2.5"
  peerDependencies:
    prettier: ^3.0.0
  checksum: 10c0/3851583d24b9814eb37580f0b9302987bb59a752f31b3c3f1bb08a7cf4a5e6fdbd28a83e2f175da8724b4f2ffe466c43140beebe43d3faeeeb9f66720c81cef5
  languageName: node
  linkType: hard

"@prettier/plugin-pug@npm:^3.4.0":
  version: 3.4.0
  resolution: "@prettier/plugin-pug@npm:3.4.0"
  dependencies:
    pug-lexer: "npm:^5.0.1"
  peerDependencies:
    prettier: ^3.0.0
  checksum: 10c0/79e2eb541b90c490821cf56f17169994f5d3d4334a8335020b1bad90b3d318bc5a4673d4aa7e31eb7a067beb996e24656e267e6948a0d952862b5bb8333b0f2a
  languageName: node
  linkType: hard

"@prettier/plugin-ruby@npm:^4.0.4":
  version: 4.0.4
  resolution: "@prettier/plugin-ruby@npm:4.0.4"
  peerDependencies:
    prettier: ^3.0.0
  checksum: 10c0/7567d7f87fe807f7a90fb4eba7a91d25a1843e19de09289412ba0420e25fadea9840085b495c54212249bb418fcd146d53b105c0e4e57990c5235326bd7c6b01
  languageName: node
  linkType: hard

"@prettier/plugin-xml@npm:^3.4.2":
  version: 3.4.2
  resolution: "@prettier/plugin-xml@npm:3.4.2"
  dependencies:
    "@xml-tools/parser": "npm:^1.0.11"
  peerDependencies:
    prettier: ^3.0.0
  checksum: 10c0/e5343e71b3c2850d879bb4390d9918dab1238eb79adefb1357a4e4c7207a19a1ac8192a967112325e1280f0d6bda397014fd83df6f8844e0afac5e2d747a814b
  languageName: node
  linkType: hard

"@prisma/prisma-schema-wasm@npm:4.17.0-26.6b0aef69b7cdfc787f822ecd7cdc76d5f1991584":
  version: 4.17.0-26.6b0aef69b7cdfc787f822ecd7cdc76d5f1991584
  resolution: "@prisma/prisma-schema-wasm@npm:4.17.0-26.6b0aef69b7cdfc787f822ecd7cdc76d5f1991584"
  checksum: 10c0/42792448e9b0ed687a828e9dc76d614aa67f6ccf62a822033f5e8fb206656f49b8e9a1a709cda27ecb597a2dfead58eaf779e175e059eb95a64dd0ab4a31d53d
  languageName: node
  linkType: hard

"@reteps/dockerfmt@npm:^0.3.6":
  version: 0.3.6
  resolution: "@reteps/dockerfmt@npm:0.3.6"
  checksum: 10c0/b6ca467ba97ea49071c44d0fbecf131fc8045165e950d0d01372c1834000c58d53f62bff42f09b851f7a9d91899047f071cd8fe57e1fc88fc27e2a3d2bdb214d
  languageName: node
  linkType: hard

"@types/debug@npm:^4.0.0":
  version: 4.1.12
  resolution: "@types/debug@npm:4.1.12"
  dependencies:
    "@types/ms": "npm:*"
  checksum: 10c0/5dcd465edbb5a7f226e9a5efd1f399c6172407ef5840686b73e3608ce135eeca54ae8037dcd9f16bdb2768ac74925b820a8b9ecc588a58ca09eca6acabe33e2f
  languageName: node
  linkType: hard

"@types/estree@npm:^1.0.6":
  version: 1.0.8
  resolution: "@types/estree@npm:1.0.8"
  checksum: 10c0/39d34d1afaa338ab9763f37ad6066e3f349444f9052b9676a7cc0252ef9485a41c6d81c9c4e0d26e9077993354edf25efc853f3224dd4b447175ef62bdcc86a5
  languageName: node
  linkType: hard

"@types/mdast@npm:^4.0.0":
  version: 4.0.4
  resolution: "@types/mdast@npm:4.0.4"
  dependencies:
    "@types/unist": "npm:*"
  checksum: 10c0/84f403dbe582ee508fd9c7643ac781ad8597fcbfc9ccb8d4715a2c92e4545e5772cbd0dbdf18eda65789386d81b009967fdef01b24faf6640f817287f54d9c82
  languageName: node
  linkType: hard

"@types/ms@npm:*":
  version: 2.1.0
  resolution: "@types/ms@npm:2.1.0"
  checksum: 10c0/5ce692ffe1549e1b827d99ef8ff71187457e0eb44adbae38fdf7b9a74bae8d20642ee963c14516db1d35fa2652e65f47680fdf679dcbde52bbfadd021f497225
  languageName: node
  linkType: hard

"@types/pegjs@npm:^0.10.0":
  version: 0.10.6
  resolution: "@types/pegjs@npm:0.10.6"
  checksum: 10c0/ee4a31cf07679ae5422fec95e499ad059483a9ab2815af1ada0ee858a00af6c7e6579a8e172810c1c9db04005941bef96d0dd2c28648769211f57df330f9c30f
  languageName: node
  linkType: hard

"@types/unist@npm:*, @types/unist@npm:^3.0.0":
  version: 3.0.3
  resolution: "@types/unist@npm:3.0.3"
  checksum: 10c0/2b1e4adcab78388e088fcc3c0ae8700f76619dbcb4741d7d201f87e2cb346bfc29a89003cfea2d76c996e1061452e14fcd737e8b25aacf949c1f2d6b2bc3dd60
  languageName: node
  linkType: hard

"@xml-tools/parser@npm:^1.0.11":
  version: 1.0.11
  resolution: "@xml-tools/parser@npm:1.0.11"
  dependencies:
    chevrotain: "npm:7.1.1"
  checksum: 10c0/5abc75163d6b2ac8e9006a54576523513535953237463297137c5a3665ce1b9d220b77b6dbb68ab93df3fab40bbc98bbb10e90dd690fd7646fdb021323827971
  languageName: node
  linkType: hard

"acorn@npm:^7.1.1":
  version: 7.4.1
  resolution: "acorn@npm:7.4.1"
  bin:
    acorn: bin/acorn
  checksum: 10c0/bd0b2c2b0f334bbee48828ff897c12bd2eb5898d03bf556dcc8942022cec795ac5bb5b6b585e2de687db6231faf07e096b59a361231dd8c9344d5df5f7f0e526
  languageName: node
  linkType: hard

"argparse@npm:^2.0.1":
  version: 2.0.1
  resolution: "argparse@npm:2.0.1"
  checksum: 10c0/c5640c2d89045371c7cedd6a70212a04e360fd34d6edeae32f6952c63949e3525ea77dbec0289d8213a99bbaeab5abfa860b5c12cf88a2e6cf8106e90dd27a7e
  languageName: node
  linkType: hard

"big-integer@npm:^1.6.48":
  version: 1.6.52
  resolution: "big-integer@npm:1.6.52"
  checksum: 10c0/9604224b4c2ab3c43c075d92da15863077a9f59e5d4205f4e7e76acd0cd47e8d469ec5e5dba8d9b32aa233951893b29329ca56ac80c20ce094b4a647a66abae0
  languageName: node
  linkType: hard

"binary-searching@npm:^2.0.5":
  version: 2.0.5
  resolution: "binary-searching@npm:2.0.5"
  checksum: 10c0/914ccf15d4c989a8900e5617e2b6ec77a016f894b3833eaa5720a310214420dbd5d8eb577c158f99d25769968225c522cc37580c8d2ed46cc469f9d0365b7f15
  languageName: node
  linkType: hard

"call-bind-apply-helpers@npm:^1.0.1, call-bind-apply-helpers@npm:^1.0.2":
  version: 1.0.2
  resolution: "call-bind-apply-helpers@npm:1.0.2"
  dependencies:
    es-errors: "npm:^1.3.0"
    function-bind: "npm:^1.1.2"
  checksum: 10c0/47bd9901d57b857590431243fea704ff18078b16890a6b3e021e12d279bbf211d039155e27d7566b374d49ee1f8189344bac9833dec7a20cdec370506361c938
  languageName: node
  linkType: hard

"call-bound@npm:^1.0.2":
  version: 1.0.4
  resolution: "call-bound@npm:1.0.4"
  dependencies:
    call-bind-apply-helpers: "npm:^1.0.2"
    get-intrinsic: "npm:^1.3.0"
  checksum: 10c0/f4796a6a0941e71c766aea672f63b72bc61234c4f4964dc6d7606e3664c307e7d77845328a8f3359ce39ddb377fed67318f9ee203dea1d47e46165dcf2917644
  languageName: node
  linkType: hard

"character-entities@npm:^2.0.0":
  version: 2.0.2
  resolution: "character-entities@npm:2.0.2"
  checksum: 10c0/b0c645a45bcc90ff24f0e0140f4875a8436b8ef13b6bcd31ec02cfb2ca502b680362aa95386f7815bdc04b6464d48cf191210b3840d7c04241a149ede591a308
  languageName: node
  linkType: hard

"character-parser@npm:^2.2.0":
  version: 2.2.0
  resolution: "character-parser@npm:2.2.0"
  dependencies:
    is-regex: "npm:^1.0.3"
  checksum: 10c0/5a8d3eff2c912a6878c84e2ebf9d42524e858aa7e1a1c7e8bb79ab54da109ad008fe9057a9d2b3230541d7ff858eda98983a2ae15db57ba01af2e989d29e932e
  languageName: node
  linkType: hard

"chevrotain@npm:7.1.1":
  version: 7.1.1
  resolution: "chevrotain@npm:7.1.1"
  dependencies:
    regexp-to-ast: "npm:0.5.0"
  checksum: 10c0/3fbbb7a30fb87a4cd141a28bdfa2851f54fde4099aa92071442b47605dfc5974eee0388ec25a517087fcea4dcc1f0ce6b371bc975591346327829aa83b3c843d
  languageName: node
  linkType: hard

"commander@npm:^2.19.0":
  version: 2.20.3
  resolution: "commander@npm:2.20.3"
  checksum: 10c0/74c781a5248c2402a0a3e966a0a2bba3c054aad144f5c023364be83265e796b20565aa9feff624132ff629aa64e16999fa40a743c10c12f7c61e96a794b99288
  languageName: node
  linkType: hard

"comment-parser@npm:^1.4.0, comment-parser@npm:^1.4.1":
  version: 1.4.1
  resolution: "comment-parser@npm:1.4.1"
  checksum: 10c0/d6c4be3f5be058f98b24f2d557f745d8fe1cc9eb75bebbdccabd404a0e1ed41563171b16285f593011f8b6a5ec81f564fb1f2121418ac5cbf0f49255bf0840dd
  languageName: node
  linkType: hard

"css-declaration-sorter@npm:^7.1.1":
  version: 7.2.0
  resolution: "css-declaration-sorter@npm:7.2.0"
  peerDependencies:
    postcss: ^8.0.9
  checksum: 10c0/d8516be94f8f2daa233ef021688b965c08161624cbf830a4d7ee1099429437c0ee124d35c91b1c659cfd891a68e8888aa941726dab12279bc114aaed60a94606
  languageName: node
  linkType: hard

"debug@npm:^4.0.0":
  version: 4.4.1
  resolution: "debug@npm:4.4.1"
  dependencies:
    ms: "npm:^2.1.3"
  peerDependenciesMeta:
    supports-color:
      optional: true
  checksum: 10c0/d2b44bc1afd912b49bb7ebb0d50a860dc93a4dd7d946e8de94abc957bb63726b7dd5aa48c18c2386c379ec024c46692e15ed3ed97d481729f929201e671fcd55
  languageName: node
  linkType: hard

"decode-named-character-reference@npm:^1.0.0":
  version: 1.2.0
  resolution: "decode-named-character-reference@npm:1.2.0"
  dependencies:
    character-entities: "npm:^2.0.0"
  checksum: 10c0/761a89de6b0e0a2d4b21ae99074e4cc3344dd11eb29f112e23cc5909f2e9f33c5ed20cd6b146b27fb78170bce0f3f9b3362a84b75638676a05c938c24a60f5d7
  languageName: node
  linkType: hard

"dedent@npm:^1.5.3":
  version: 1.6.0
  resolution: "dedent@npm:1.6.0"
  peerDependencies:
    babel-plugin-macros: ^3.1.0
  peerDependenciesMeta:
    babel-plugin-macros:
      optional: true
  checksum: 10c0/671b8f5e390dd2a560862c4511dd6d2638e71911486f78cb32116551f8f2aa6fcaf50579ffffb2f866d46b5b80fd72470659ca5760ede8f967619ef7df79e8a5
  languageName: node
  linkType: hard

"dequal@npm:^2.0.0":
  version: 2.0.3
  resolution: "dequal@npm:2.0.3"
  checksum: 10c0/f98860cdf58b64991ae10205137c0e97d384c3a4edc7f807603887b7c4b850af1224a33d88012009f150861cbee4fa2d322c4cc04b9313bee312e47f6ecaa888
  languageName: node
  linkType: hard

"devlop@npm:^1.0.0":
  version: 1.1.0
  resolution: "devlop@npm:1.1.0"
  dependencies:
    dequal: "npm:^2.0.0"
  checksum: 10c0/e0928ab8f94c59417a2b8389c45c55ce0a02d9ac7fd74ef62d01ba48060129e1d594501b77de01f3eeafc7cb00773819b0df74d96251cf20b31c5b3071f45c0e
  languageName: node
  linkType: hard

"diff@npm:5.1.0":
  version: 5.1.0
  resolution: "diff@npm:5.1.0"
  checksum: 10c0/77a0d9beb9ed54796154ac2511872288432124ac90a1cabb1878783c9b4d81f1847f3b746a0630b1e836181461d2c76e1e6b95559bef86ed16294d114862e364
  languageName: node
  linkType: hard

"discontinuous-range@npm:1.0.0":
  version: 1.0.0
  resolution: "discontinuous-range@npm:1.0.0"
  checksum: 10c0/487b105f83c1cc528e25e65d3c4b73958ec79769b7bd0e264414702a23a7e2b282c72982b4bef4af29fcab53f47816c3f0a5c40d85a99a490f4bc35b83dc00f8
  languageName: node
  linkType: hard

"dunder-proto@npm:^1.0.1":
  version: 1.0.1
  resolution: "dunder-proto@npm:1.0.1"
  dependencies:
    call-bind-apply-helpers: "npm:^1.0.1"
    es-errors: "npm:^1.3.0"
    gopd: "npm:^1.2.0"
  checksum: 10c0/199f2a0c1c16593ca0a145dbf76a962f8033ce3129f01284d48c45ed4e14fea9bbacd7b3610b6cdc33486cef20385ac054948fefc6272fcce645c09468f93031
  languageName: node
  linkType: hard

"es-define-property@npm:^1.0.1":
  version: 1.0.1
  resolution: "es-define-property@npm:1.0.1"
  checksum: 10c0/3f54eb49c16c18707949ff25a1456728c883e81259f045003499efba399c08bad00deebf65cccde8c0e07908c1a225c9d472b7107e558f2a48e28d530e34527c
  languageName: node
  linkType: hard

"es-errors@npm:^1.3.0":
  version: 1.3.0
  resolution: "es-errors@npm:1.3.0"
  checksum: 10c0/0a61325670072f98d8ae3b914edab3559b6caa980f08054a3b872052640d91da01d38df55df797fcc916389d77fc92b8d5906cf028f4db46d7e3003abecbca85
  languageName: node
  linkType: hard

"es-object-atoms@npm:^1.0.0, es-object-atoms@npm:^1.1.1":
  version: 1.1.1
  resolution: "es-object-atoms@npm:1.1.1"
  dependencies:
    es-errors: "npm:^1.3.0"
  checksum: 10c0/65364812ca4daf48eb76e2a3b7a89b3f6a2e62a1c420766ce9f692665a29d94fe41fe88b65f24106f449859549711e4b40d9fb8002d862dfd7eb1c512d10be0c
  languageName: node
  linkType: hard

"find-up-simple@npm:^1.0.0":
  version: 1.0.1
  resolution: "find-up-simple@npm:1.0.1"
  checksum: 10c0/ad34de157b7db925d50ff78302fefb28e309f3bc947c93ffca0f9b0bccf9cf1a2dc57d805d5c94ec9fc60f4838f5dbdfd2a48ecd77c23015fa44c6dd5f60bc40
  languageName: node
  linkType: hard

"function-bind@npm:^1.1.2":
  version: 1.1.2
  resolution: "function-bind@npm:1.1.2"
  checksum: 10c0/d8680ee1e5fcd4c197e4ac33b2b4dce03c71f4d91717292785703db200f5c21f977c568d28061226f9b5900cbcd2c84463646134fd5337e7925e0942bc3f46d5
  languageName: node
  linkType: hard

"get-intrinsic@npm:^1.3.0":
  version: 1.3.0
  resolution: "get-intrinsic@npm:1.3.0"
  dependencies:
    call-bind-apply-helpers: "npm:^1.0.2"
    es-define-property: "npm:^1.0.1"
    es-errors: "npm:^1.3.0"
    es-object-atoms: "npm:^1.1.1"
    function-bind: "npm:^1.1.2"
    get-proto: "npm:^1.0.1"
    gopd: "npm:^1.2.0"
    has-symbols: "npm:^1.1.0"
    hasown: "npm:^2.0.2"
    math-intrinsics: "npm:^1.1.0"
  checksum: 10c0/52c81808af9a8130f581e6a6a83e1ba4a9f703359e7a438d1369a5267a25412322f03dcbd7c549edaef0b6214a0630a28511d7df0130c93cfd380f4fa0b5b66a
  languageName: node
  linkType: hard

"get-proto@npm:^1.0.1":
  version: 1.0.1
  resolution: "get-proto@npm:1.0.1"
  dependencies:
    dunder-proto: "npm:^1.0.1"
    es-object-atoms: "npm:^1.0.0"
  checksum: 10c0/9224acb44603c5526955e83510b9da41baf6ae73f7398875fba50edc5e944223a89c4a72b070fcd78beb5f7bdda58ecb6294adc28f7acfc0da05f76a2399643c
  languageName: node
  linkType: hard

"gopd@npm:^1.2.0":
  version: 1.2.0
  resolution: "gopd@npm:1.2.0"
  checksum: 10c0/50fff1e04ba2b7737c097358534eacadad1e68d24cccee3272e04e007bed008e68d2614f3987788428fd192a5ae3889d08fb2331417e4fc4a9ab366b2043cead
  languageName: node
  linkType: hard

"has-symbols@npm:^1.0.3, has-symbols@npm:^1.1.0":
  version: 1.1.0
  resolution: "has-symbols@npm:1.1.0"
  checksum: 10c0/dde0a734b17ae51e84b10986e651c664379018d10b91b6b0e9b293eddb32f0f069688c841fb40f19e9611546130153e0a2a48fd7f512891fb000ddfa36f5a20e
  languageName: node
  linkType: hard

"has-tostringtag@npm:^1.0.2":
  version: 1.0.2
  resolution: "has-tostringtag@npm:1.0.2"
  dependencies:
    has-symbols: "npm:^1.0.3"
  checksum: 10c0/a8b166462192bafe3d9b6e420a1d581d93dd867adb61be223a17a8d6dad147aa77a8be32c961bb2f27b3ef893cae8d36f564ab651f5e9b7938ae86f74027c48c
  languageName: node
  linkType: hard

"hasown@npm:^2.0.2":
  version: 2.0.2
  resolution: "hasown@npm:2.0.2"
  dependencies:
    function-bind: "npm:^1.1.2"
  checksum: 10c0/3769d434703b8ac66b209a4cca0737519925bbdb61dd887f93a16372b14694c63ff4e797686d87c90f08168e81082248b9b028bad60d4da9e0d1148766f56eb9
  languageName: node
  linkType: hard

"is-expression@npm:^4.0.0":
  version: 4.0.0
  resolution: "is-expression@npm:4.0.0"
  dependencies:
    acorn: "npm:^7.1.1"
    object-assign: "npm:^4.1.1"
  checksum: 10c0/541831d39d3e7bfc8cecd966d6b0f3c0e6d9055342f17b634fb23e74f51ce90f1bfc3cf231c722fe003a61e8d4f0b9e07244fdaba57f4fc70a163c74006fd5a0
  languageName: node
  linkType: hard

"is-regex@npm:^1.0.3":
  version: 1.2.1
  resolution: "is-regex@npm:1.2.1"
  dependencies:
    call-bound: "npm:^1.0.2"
    gopd: "npm:^1.2.0"
    has-tostringtag: "npm:^1.0.2"
    hasown: "npm:^2.0.2"
  checksum: 10c0/1d3715d2b7889932349241680032e85d0b492cfcb045acb75ffc2c3085e8d561184f1f7e84b6f8321935b4aea39bc9c6ba74ed595b57ce4881a51dfdbc214e04
  languageName: node
  linkType: hard

"jsox@npm:^1.2.123":
  version: 1.2.123
  resolution: "jsox@npm:1.2.123"
  bin:
    jsox: lib/cli.js
  checksum: 10c0/7ed61da716d9f012c24b21cea50cd2d0fead794fd5ef0192556075b202d7689fb89503aa62232efdf13818b23779d9b99bf8414b32a10f9e441621ae8addd5cb
  languageName: node
  linkType: hard

"linguist-languages@npm:^8.0.0":
  version: 8.0.0
  resolution: "linguist-languages@npm:8.0.0"
  checksum: 10c0/eaae46254247b9aa5b287ac98e062e7fe859314328ce305e34e152bc7bb172d69633999320cb47dc2a710388179712a76bb1ddd6e39e249af2684a4f0a66256c
  languageName: node
  linkType: hard

"math-intrinsics@npm:^1.1.0":
  version: 1.1.0
  resolution: "math-intrinsics@npm:1.1.0"
  checksum: 10c0/7579ff94e899e2f76ab64491d76cf606274c874d8f2af4a442c016bd85688927fcfca157ba6bf74b08e9439dc010b248ce05b96cc7c126a354c3bae7fcb48b7f
  languageName: node
  linkType: hard

"mdast-util-from-markdown@npm:^2.0.0":
  version: 2.0.2
  resolution: "mdast-util-from-markdown@npm:2.0.2"
  dependencies:
    "@types/mdast": "npm:^4.0.0"
    "@types/unist": "npm:^3.0.0"
    decode-named-character-reference: "npm:^1.0.0"
    devlop: "npm:^1.0.0"
    mdast-util-to-string: "npm:^4.0.0"
    micromark: "npm:^4.0.0"
    micromark-util-decode-numeric-character-reference: "npm:^2.0.0"
    micromark-util-decode-string: "npm:^2.0.0"
    micromark-util-normalize-identifier: "npm:^2.0.0"
    micromark-util-symbol: "npm:^2.0.0"
    micromark-util-types: "npm:^2.0.0"
    unist-util-stringify-position: "npm:^4.0.0"
  checksum: 10c0/76eb2bd2c6f7a0318087c73376b8af6d7561c1e16654e7667e640f391341096c56142618fd0ff62f6d39e5ab4895898b9789c84cd7cec2874359a437a0e1ff15
  languageName: node
  linkType: hard

"mdast-util-to-string@npm:^4.0.0":
  version: 4.0.0
  resolution: "mdast-util-to-string@npm:4.0.0"
  dependencies:
    "@types/mdast": "npm:^4.0.0"
  checksum: 10c0/2d3c1af29bf3fe9c20f552ee9685af308002488f3b04b12fa66652c9718f66f41a32f8362aa2d770c3ff464c034860b41715902ada2306bb0a055146cef064d7
  languageName: node
  linkType: hard

"micro-memoize@npm:^4.1.3":
  version: 4.1.3
  resolution: "micro-memoize@npm:4.1.3"
  checksum: 10c0/e024960ad0c85eeab3651bc4ec873b80039e0f66f6fcfdceda1cd5ef5d3570323a698d6f2acc8d6c06849f0e3b9cdced8d66f139d1065752246f015882ca545f
  languageName: node
  linkType: hard

"micromark-core-commonmark@npm:^2.0.0":
  version: 2.0.3
  resolution: "micromark-core-commonmark@npm:2.0.3"
  dependencies:
    decode-named-character-reference: "npm:^1.0.0"
    devlop: "npm:^1.0.0"
    micromark-factory-destination: "npm:^2.0.0"
    micromark-factory-label: "npm:^2.0.0"
    micromark-factory-space: "npm:^2.0.0"
    micromark-factory-title: "npm:^2.0.0"
    micromark-factory-whitespace: "npm:^2.0.0"
    micromark-util-character: "npm:^2.0.0"
    micromark-util-chunked: "npm:^2.0.0"
    micromark-util-classify-character: "npm:^2.0.0"
    micromark-util-html-tag-name: "npm:^2.0.0"
    micromark-util-normalize-identifier: "npm:^2.0.0"
    micromark-util-resolve-all: "npm:^2.0.0"
    micromark-util-subtokenize: "npm:^2.0.0"
    micromark-util-symbol: "npm:^2.0.0"
    micromark-util-types: "npm:^2.0.0"
  checksum: 10c0/bd4a794fdc9e88dbdf59eaf1c507ddf26e5f7ddf4e52566c72239c0f1b66adbcd219ba2cd42350debbe24471434d5f5e50099d2b3f4e5762ca222ba8e5b549ee
  languageName: node
  linkType: hard

"micromark-factory-destination@npm:^2.0.0":
  version: 2.0.1
  resolution: "micromark-factory-destination@npm:2.0.1"
  dependencies:
    micromark-util-character: "npm:^2.0.0"
    micromark-util-symbol: "npm:^2.0.0"
    micromark-util-types: "npm:^2.0.0"
  checksum: 10c0/bbafcf869cee5bf511161354cb87d61c142592fbecea051000ff116068dc85216e6d48519d147890b9ea5d7e2864a6341c0c09d9948c203bff624a80a476023c
  languageName: node
  linkType: hard

"micromark-factory-label@npm:^2.0.0":
  version: 2.0.1
  resolution: "micromark-factory-label@npm:2.0.1"
  dependencies:
    devlop: "npm:^1.0.0"
    micromark-util-character: "npm:^2.0.0"
    micromark-util-symbol: "npm:^2.0.0"
    micromark-util-types: "npm:^2.0.0"
  checksum: 10c0/0137716b4ecb428114165505e94a2f18855c8bbea21b07a8b5ce514b32a595ed789d2b967125718fc44c4197ceaa48f6609d58807a68e778138d2e6b91b824e8
  languageName: node
  linkType: hard

"micromark-factory-space@npm:^2.0.0":
  version: 2.0.1
  resolution: "micromark-factory-space@npm:2.0.1"
  dependencies:
    micromark-util-character: "npm:^2.0.0"
    micromark-util-types: "npm:^2.0.0"
  checksum: 10c0/f9ed43f1c0652d8d898de0ac2be3f77f776fffe7dd96bdbba1e02d7ce33d3853c6ff5daa52568fc4fa32cdf3a62d86b85ead9b9189f7211e1d69ff2163c450fb
  languageName: node
  linkType: hard

"micromark-factory-title@npm:^2.0.0":
  version: 2.0.1
  resolution: "micromark-factory-title@npm:2.0.1"
  dependencies:
    micromark-factory-space: "npm:^2.0.0"
    micromark-util-character: "npm:^2.0.0"
    micromark-util-symbol: "npm:^2.0.0"
    micromark-util-types: "npm:^2.0.0"
  checksum: 10c0/e72fad8d6e88823514916890099a5af20b6a9178ccf78e7e5e05f4de99bb8797acb756257d7a3a57a53854cb0086bf8aab15b1a9e9db8982500dd2c9ff5948b6
  languageName: node
  linkType: hard

"micromark-factory-whitespace@npm:^2.0.0":
  version: 2.0.1
  resolution: "micromark-factory-whitespace@npm:2.0.1"
  dependencies:
    micromark-factory-space: "npm:^2.0.0"
    micromark-util-character: "npm:^2.0.0"
    micromark-util-symbol: "npm:^2.0.0"
    micromark-util-types: "npm:^2.0.0"
  checksum: 10c0/20a1ec58698f24b766510a309b23a10175034fcf1551eaa9da3adcbed3e00cd53d1ebe5f030cf873f76a1cec3c34eb8c50cc227be3344caa9ed25d56cf611224
  languageName: node
  linkType: hard

"micromark-util-character@npm:^2.0.0":
  version: 2.1.1
  resolution: "micromark-util-character@npm:2.1.1"
  dependencies:
    micromark-util-symbol: "npm:^2.0.0"
    micromark-util-types: "npm:^2.0.0"
  checksum: 10c0/d3fe7a5e2c4060fc2a076f9ce699c82a2e87190a3946e1e5eea77f563869b504961f5668d9c9c014724db28ac32fa909070ea8b30c3a39bd0483cc6c04cc76a1
  languageName: node
  linkType: hard

"micromark-util-chunked@npm:^2.0.0":
  version: 2.0.1
  resolution: "micromark-util-chunked@npm:2.0.1"
  dependencies:
    micromark-util-symbol: "npm:^2.0.0"
  checksum: 10c0/b68c0c16fe8106949537bdcfe1be9cf36c0ccd3bc54c4007003cb0984c3750b6cdd0fd77d03f269a3382b85b0de58bde4f6eedbe7ecdf7244759112289b1ab56
  languageName: node
  linkType: hard

"micromark-util-classify-character@npm:^2.0.0":
  version: 2.0.1
  resolution: "micromark-util-classify-character@npm:2.0.1"
  dependencies:
    micromark-util-character: "npm:^2.0.0"
    micromark-util-symbol: "npm:^2.0.0"
    micromark-util-types: "npm:^2.0.0"
  checksum: 10c0/8a02e59304005c475c332f581697e92e8c585bcd45d5d225a66c1c1b14ab5a8062705188c2ccec33cc998d33502514121478b2091feddbc751887fc9c290ed08
  languageName: node
  linkType: hard

"micromark-util-combine-extensions@npm:^2.0.0":
  version: 2.0.1
  resolution: "micromark-util-combine-extensions@npm:2.0.1"
  dependencies:
    micromark-util-chunked: "npm:^2.0.0"
    micromark-util-types: "npm:^2.0.0"
  checksum: 10c0/f15e282af24c8372cbb10b9b0b3e2c0aa681fea0ca323a44d6bc537dc1d9382c819c3689f14eaa000118f5a163245358ce6276b2cda9a84439cdb221f5d86ae7
  languageName: node
  linkType: hard

"micromark-util-decode-numeric-character-reference@npm:^2.0.0":
  version: 2.0.2
  resolution: "micromark-util-decode-numeric-character-reference@npm:2.0.2"
  dependencies:
    micromark-util-symbol: "npm:^2.0.0"
  checksum: 10c0/9c8a9f2c790e5593ffe513901c3a110e9ec8882a08f466da014112a25e5059b51551ca0aeb7ff494657d86eceb2f02ee556c6558b8d66aadc61eae4a240da0df
  languageName: node
  linkType: hard

"micromark-util-decode-string@npm:^2.0.0":
  version: 2.0.1
  resolution: "micromark-util-decode-string@npm:2.0.1"
  dependencies:
    decode-named-character-reference: "npm:^1.0.0"
    micromark-util-character: "npm:^2.0.0"
    micromark-util-decode-numeric-character-reference: "npm:^2.0.0"
    micromark-util-symbol: "npm:^2.0.0"
  checksum: 10c0/f24d75b2e5310be6e7b6dee532e0d17d3bf46996841d6295f2a9c87a2046fff4ab603c52ab9d7a7a6430a8b787b1574ae895849c603d262d1b22eef71736b5cb
  languageName: node
  linkType: hard

"micromark-util-encode@npm:^2.0.0":
  version: 2.0.1
  resolution: "micromark-util-encode@npm:2.0.1"
  checksum: 10c0/b2b29f901093845da8a1bf997ea8b7f5e061ffdba85070dfe14b0197c48fda64ffcf82bfe53c90cf9dc185e69eef8c5d41cae3ba918b96bc279326921b59008a
  languageName: node
  linkType: hard

"micromark-util-html-tag-name@npm:^2.0.0":
  version: 2.0.1
  resolution: "micromark-util-html-tag-name@npm:2.0.1"
  checksum: 10c0/ae80444db786fde908e9295f19a27a4aa304171852c77414516418650097b8afb401961c9edb09d677b06e97e8370cfa65638dde8438ebd41d60c0a8678b85b9
  languageName: node
  linkType: hard

"micromark-util-normalize-identifier@npm:^2.0.0":
  version: 2.0.1
  resolution: "micromark-util-normalize-identifier@npm:2.0.1"
  dependencies:
    micromark-util-symbol: "npm:^2.0.0"
  checksum: 10c0/5299265fa360769fc499a89f40142f10a9d4a5c3dd8e6eac8a8ef3c2e4a6570e4c009cf75ea46dce5ee31c01f25587bde2f4a5cc0a935584ae86dd857f2babbd
  languageName: node
  linkType: hard

"micromark-util-resolve-all@npm:^2.0.0":
  version: 2.0.1
  resolution: "micromark-util-resolve-all@npm:2.0.1"
  dependencies:
    micromark-util-types: "npm:^2.0.0"
  checksum: 10c0/bb6ca28764696bb479dc44a2d5b5fe003e7177aeae1d6b0d43f24cc223bab90234092d9c3ce4a4d2b8df095ccfd820537b10eb96bb7044d635f385d65a4c984a
  languageName: node
  linkType: hard

"micromark-util-sanitize-uri@npm:^2.0.0":
  version: 2.0.1
  resolution: "micromark-util-sanitize-uri@npm:2.0.1"
  dependencies:
    micromark-util-character: "npm:^2.0.0"
    micromark-util-encode: "npm:^2.0.0"
    micromark-util-symbol: "npm:^2.0.0"
  checksum: 10c0/60e92166e1870fd4f1961468c2651013ff760617342918e0e0c3c4e872433aa2e60c1e5a672bfe5d89dc98f742d6b33897585cf86ae002cda23e905a3c02527c
  languageName: node
  linkType: hard

"micromark-util-subtokenize@npm:^2.0.0":
  version: 2.1.0
  resolution: "micromark-util-subtokenize@npm:2.1.0"
  dependencies:
    devlop: "npm:^1.0.0"
    micromark-util-chunked: "npm:^2.0.0"
    micromark-util-symbol: "npm:^2.0.0"
    micromark-util-types: "npm:^2.0.0"
  checksum: 10c0/bee69eece4393308e657c293ba80d92ebcb637e5f55e21dcf9c3fa732b91a8eda8ac248d76ff375e675175bfadeae4712e5158ef97eef1111789da1ce7ab5067
  languageName: node
  linkType: hard

"micromark-util-symbol@npm:^2.0.0":
  version: 2.0.1
  resolution: "micromark-util-symbol@npm:2.0.1"
  checksum: 10c0/f2d1b207771e573232436618e78c5e46cd4b5c560dd4a6d63863d58018abbf49cb96ec69f7007471e51434c60de3c9268ef2bf46852f26ff4aacd10f9da16fe9
  languageName: node
  linkType: hard

"micromark-util-types@npm:^2.0.0":
  version: 2.0.2
  resolution: "micromark-util-types@npm:2.0.2"
  checksum: 10c0/c8c15b96c858db781c4393f55feec10004bf7df95487636c9a9f7209e51002a5cca6a047c5d2a5dc669ff92da20e57aaa881e81a268d9ccadb647f9dce305298
  languageName: node
  linkType: hard

"micromark@npm:^4.0.0":
  version: 4.0.2
  resolution: "micromark@npm:4.0.2"
  dependencies:
    "@types/debug": "npm:^4.0.0"
    debug: "npm:^4.0.0"
    decode-named-character-reference: "npm:^1.0.0"
    devlop: "npm:^1.0.0"
    micromark-core-commonmark: "npm:^2.0.0"
    micromark-factory-space: "npm:^2.0.0"
    micromark-util-character: "npm:^2.0.0"
    micromark-util-chunked: "npm:^2.0.0"
    micromark-util-combine-extensions: "npm:^2.0.0"
    micromark-util-decode-numeric-character-reference: "npm:^2.0.0"
    micromark-util-encode: "npm:^2.0.0"
    micromark-util-normalize-identifier: "npm:^2.0.0"
    micromark-util-resolve-all: "npm:^2.0.0"
    micromark-util-sanitize-uri: "npm:^2.0.0"
    micromark-util-subtokenize: "npm:^2.0.0"
    micromark-util-symbol: "npm:^2.0.0"
    micromark-util-types: "npm:^2.0.0"
  checksum: 10c0/07462287254219d6eda6eac8a3cebaff2994e0575499e7088027b825105e096e4f51e466b14b2a81b71933a3b6c48ee069049d87bc2c2127eee50d9cc69e8af6
  languageName: node
  linkType: hard

"moo@npm:^0.5.0":
  version: 0.5.2
  resolution: "moo@npm:0.5.2"
  checksum: 10c0/a9d9ad8198a51fe35d297f6e9fdd718298ca0b39a412e868a0ebd92286379ab4533cfc1f1f34516177f5129988ab25fe598f78e77c84e3bfe0d4a877b56525a8
  languageName: node
  linkType: hard

"ms@npm:^2.1.3":
  version: 2.1.3
  resolution: "ms@npm:2.1.3"
  checksum: 10c0/d924b57e7312b3b63ad21fc5b3dc0af5e78d61a1fc7cfb5457edaf26326bf62be5307cc87ffb6862ef1c2b33b0233cdb5d4f01c4c958cc0d660948b65a287a48
  languageName: node
  linkType: hard

"nearley@npm:^2.20.1":
  version: 2.20.1
  resolution: "nearley@npm:2.20.1"
  dependencies:
    commander: "npm:^2.19.0"
    moo: "npm:^0.5.0"
    railroad-diagrams: "npm:^1.0.0"
    randexp: "npm:0.4.6"
  bin:
    nearley-railroad: bin/nearley-railroad.js
    nearley-test: bin/nearley-test.js
    nearley-unparse: bin/nearley-unparse.js
    nearleyc: bin/nearleyc.js
  checksum: 10c0/d25e1fd40b19c53a0ada6a688670f4a39063fd9553ab62885e81a82927d51572ce47193b946afa3d85efa608ba2c68f433c421f69b854bfb7f599eacb5fae37e
  languageName: node
  linkType: hard

"node-sql-parser@npm:^5.3.10":
  version: 5.3.10
  resolution: "node-sql-parser@npm:5.3.10"
  dependencies:
    "@types/pegjs": "npm:^0.10.0"
    big-integer: "npm:^1.6.48"
  checksum: 10c0/a4c417a429d4d438548f858e62be091148a52256c39b419c0e0eb259af5feb6fa555928a98e2fe3a07a974a2ce065ea12df04ac18f5a01bfa918df32cebc6a2a
  languageName: node
  linkType: hard

"object-assign@npm:^4.1.1":
  version: 4.1.1
  resolution: "object-assign@npm:4.1.1"
  checksum: 10c0/1f4df9945120325d041ccf7b86f31e8bcc14e73d29171e37a7903050e96b81323784ec59f93f102ec635bcf6fa8034ba3ea0a8c7e69fa202b87ae3b6cec5a414
  languageName: node
  linkType: hard

"package-up@npm:^5.0.0":
  version: 5.0.0
  resolution: "package-up@npm:5.0.0"
  dependencies:
    find-up-simple: "npm:^1.0.0"
  checksum: 10c0/539ca3cded589ed374b9f729a94a0e09f1ffa9e640037c557ac209293d56685c8a6cee1f6fe08585ed125335ec7276d10e9c556cfc6bb3258dcb99af32fd5cb5
  languageName: node
  linkType: hard

"php-parser@npm:^3.2.5":
  version: 3.2.5
  resolution: "php-parser@npm:3.2.5"
  checksum: 10c0/e10aecf072d472e40f7501c611398a03bf67152004a6d971b813cd538866edc9a09d6a12f4bef790f253446a15a56134a3405ca159189983c9460446af08c3c5
  languageName: node
  linkType: hard

"postcss-less@npm:^6.0.0":
  version: 6.0.0
  resolution: "postcss-less@npm:6.0.0"
  peerDependencies:
    postcss: ^8.3.5
  checksum: 10c0/09869ba66e1340f03d6ffd34cba2721f48d1c4a71314af5b10d8a3cc4f78c15f22da809442bf5e50d04eff2a96389d6a0fdb9f0c20a191945aacfb1747fd47ca
  languageName: node
  linkType: hard

"postcss-scss@npm:^4.0.9":
  version: 4.0.9
  resolution: "postcss-scss@npm:4.0.9"
  peerDependencies:
    postcss: ^8.4.29
  checksum: 10c0/f917ecfd4b9113a6648e966a41f027ff7e14238393914978d44596e227a50f084667dc8818742348dc7d8b20130b30d4259aca1d4db86754a9c141202ae03714
  languageName: node
  linkType: hard

"prettier-plugin-css-order@npm:^2.1.2":
  version: 2.1.2
  resolution: "prettier-plugin-css-order@npm:2.1.2"
  dependencies:
    css-declaration-sorter: "npm:^7.1.1"
    postcss-less: "npm:^6.0.0"
    postcss-scss: "npm:^4.0.9"
  peerDependencies:
    prettier: 3.x
  checksum: 10c0/e6e8230048fb9d994cde207796b35e0e074cb83420b0c17c764353da290bb2b3d099265bf65537a70c03e60a0854bfa4ce2576b436933d8b4b0d86bdd61a6e73
  languageName: node
  linkType: hard

"prettier-plugin-embed@npm:^0.5.0":
  version: 0.5.0
  resolution: "prettier-plugin-embed@npm:0.5.0"
  dependencies:
    "@types/estree": "npm:^1.0.6"
    dedent: "npm:^1.5.3"
    micro-memoize: "npm:^4.1.3"
    package-up: "npm:^5.0.0"
    tiny-jsonc: "npm:^1.0.2"
    type-fest: "npm:^4.35.0"
  checksum: 10c0/380fb04eb9f6d69b79e3999d3202179a0c8b95451125976b9198511be092fb02434f7ce4e989c915cb35ccd5b66308b28b9609f88522a928a3c89ad394c8f04c
  languageName: node
  linkType: hard

"prettier-plugin-jsdoc-type@npm:^0.1.12":
  version: 0.1.12
  resolution: "prettier-plugin-jsdoc-type@npm:0.1.12"
  dependencies:
    comment-parser: "npm:^1.4.1"
  peerDependencies:
    prettier: ">=3.5.3"
    typescript: "*"
  checksum: 10c0/5017ad1e1874aeab05f305d1aa29a43ba9f21400790a6c098379efb55948c79bfe19eab7eb2387c0e4ba0d2943701c5563e49e6486d8f77905177c4ef5671af9
  languageName: node
  linkType: hard

"prettier-plugin-jsdoc@npm:^1.3.3":
  version: 1.3.3
  resolution: "prettier-plugin-jsdoc@npm:1.3.3"
  dependencies:
    binary-searching: "npm:^2.0.5"
    comment-parser: "npm:^1.4.0"
    mdast-util-from-markdown: "npm:^2.0.0"
  peerDependencies:
    prettier: ^3.0.0
  checksum: 10c0/2b230f4ff5045f999581831151bc22da7a691c7acda0f28988301f49379a4099c07c0bf0eecf9341bd9c4b066464d73fafed1e9bac5ce349d7f8a1d232493a38
  languageName: node
  linkType: hard

"prettier-plugin-merge@npm:^0.8.0":
  version: 0.8.0
  resolution: "prettier-plugin-merge@npm:0.8.0"
  dependencies:
    diff: "npm:5.1.0"
  peerDependencies:
    prettier: ^3
  checksum: 10c0/5ddd85e943a2a0a47151a33a17f0a1df2370e54bab2079d19f2fb7c72c4bb743c0c9c28074190ca6a5a2b64ef0c4c3c7e697c1a90401e06744a6c271ec5d66cd
  languageName: node
  linkType: hard

"prettier-plugin-prisma@npm:^5.0.0":
  version: 5.0.0
  resolution: "prettier-plugin-prisma@npm:5.0.0"
  dependencies:
    "@prisma/prisma-schema-wasm": "npm:4.17.0-26.6b0aef69b7cdfc787f822ecd7cdc76d5f1991584"
  peerDependencies:
    prettier: ">=2 || >=3"
  checksum: 10c0/9fdb43429c55fb39227f8fc9e3dd6719bd696c51d064f83ef361872f07f610bb7bf70dc62bd62e7b6c9917ebaecd7edfd4085064a976811e14155e3a53cebe35
  languageName: node
  linkType: hard

"prettier-plugin-sh@npm:^0.18.0":
  version: 0.18.0
  resolution: "prettier-plugin-sh@npm:0.18.0"
  dependencies:
    "@reteps/dockerfmt": "npm:^0.3.6"
    sh-syntax: "npm:^0.5.8"
  peerDependencies:
    prettier: ^3.6.0
  checksum: 10c0/d8946440abaab1c0f32cee270e0ad285e1f4bba0008aff7c55a9a1c8639032aa8b397aef8f8387a5b88c3f4fb657f1d4d1ab7ae6a1f5c4599875080fb951b9b1
  languageName: node
  linkType: hard

"prettier-plugin-sort-imports@npm:^1.8.8":
  version: 1.8.8
  resolution: "prettier-plugin-sort-imports@npm:1.8.8"
  dependencies:
    prettier: "npm:^3.1.1"
  peerDependencies:
    typescript: ">4.0.0"
  checksum: 10c0/5e32eb0e0688a5e5aa14bfb0cc32114b98f0c8cd5cbb51e9a0a9aac9e29193b072bd406aec6e64729ad7edcc80dc293dea8ab88cdc3daffd266bd78b9db4b9c7
  languageName: node
  linkType: hard

"prettier-plugin-sort-json@npm:^4.1.1":
  version: 4.1.1
  resolution: "prettier-plugin-sort-json@npm:4.1.1"
  peerDependencies:
    prettier: ^3.0.0
  checksum: 10c0/b3b86ea679e95d0329c367aa860af4033d8a3b83a0656d7393f2005b2df78e20d19fbe2c40fe7b531262210e40060318a4287459c2a4f61c6a6bd1c2757e2b7d
  languageName: node
  linkType: hard

"prettier-plugin-sort-package-json@npm:^1.1.0":
  version: 1.1.0
  resolution: "prettier-plugin-sort-package-json@npm:1.1.0"
  peerDependencies:
    prettier: ^3.0.0
  checksum: 10c0/0983b39fcd561e006dd00ea3faebbb5df0b72e3ea67cd8baf75285f9bbd8392e648455244edf56022a57d8b429bbdcadb2e81d5293cae19405270af81515c9ce
  languageName: node
  linkType: hard

"prettier-plugin-sql@npm:^0.19.2":
  version: 0.19.2
  resolution: "prettier-plugin-sql@npm:0.19.2"
  dependencies:
    jsox: "npm:^1.2.123"
    node-sql-parser: "npm:^5.3.10"
    sql-formatter: "npm:^15.6.5"
    tslib: "npm:^2.8.1"
  peerDependencies:
    prettier: ^3.0.3
  checksum: 10c0/9302b5c4f494713eb696449634357b098837f86f4bec02f3f81082a627ec2bd90985c6b0d8f26140a476a1c927f33f3f7853d12d9085e5c5f21ffa38e32ca609
  languageName: node
  linkType: hard

"prettier-plugin-tailwindcss@npm:^0.6.14":
  version: 0.6.14
  resolution: "prettier-plugin-tailwindcss@npm:0.6.14"
  peerDependencies:
    "@ianvs/prettier-plugin-sort-imports": "*"
    "@prettier/plugin-hermes": "*"
    "@prettier/plugin-oxc": "*"
    "@prettier/plugin-pug": "*"
    "@shopify/prettier-plugin-liquid": "*"
    "@trivago/prettier-plugin-sort-imports": "*"
    "@zackad/prettier-plugin-twig": "*"
    prettier: ^3.0
    prettier-plugin-astro: "*"
    prettier-plugin-css-order: "*"
    prettier-plugin-import-sort: "*"
    prettier-plugin-jsdoc: "*"
    prettier-plugin-marko: "*"
    prettier-plugin-multiline-arrays: "*"
    prettier-plugin-organize-attributes: "*"
    prettier-plugin-organize-imports: "*"
    prettier-plugin-sort-imports: "*"
    prettier-plugin-style-order: "*"
    prettier-plugin-svelte: "*"
  peerDependenciesMeta:
    "@ianvs/prettier-plugin-sort-imports":
      optional: true
    "@prettier/plugin-hermes":
      optional: true
    "@prettier/plugin-oxc":
      optional: true
    "@prettier/plugin-pug":
      optional: true
    "@shopify/prettier-plugin-liquid":
      optional: true
    "@trivago/prettier-plugin-sort-imports":
      optional: true
    "@zackad/prettier-plugin-twig":
      optional: true
    prettier-plugin-astro:
      optional: true
    prettier-plugin-css-order:
      optional: true
    prettier-plugin-import-sort:
      optional: true
    prettier-plugin-jsdoc:
      optional: true
    prettier-plugin-marko:
      optional: true
    prettier-plugin-multiline-arrays:
      optional: true
    prettier-plugin-organize-attributes:
      optional: true
    prettier-plugin-organize-imports:
      optional: true
    prettier-plugin-sort-imports:
      optional: true
    prettier-plugin-style-order:
      optional: true
    prettier-plugin-svelte:
      optional: true
  checksum: 10c0/1bf635be28b30b3f171a184497eecf512601d19328e402dd2eb1ede52aa57b4f5b605eae2929f4916de9ba22526f3d730d9afa90334db09d17c59f463f7b26d8
  languageName: node
  linkType: hard

"prettier@npm:^3.1.1, prettier@npm:^3.6.2":
  version: 3.6.2
  resolution: "prettier@npm:3.6.2"
  bin:
    prettier: bin/prettier.cjs
  checksum: 10c0/488cb2f2b99ec13da1e50074912870217c11edaddedeadc649b1244c749d15ba94e846423d062e2c4c9ae683e2d65f754de28889ba06e697ac4f988d44f45812
  languageName: node
  linkType: hard

"pug-error@npm:^2.0.0":
  version: 2.1.0
  resolution: "pug-error@npm:2.1.0"
  checksum: 10c0/bbce339b17fab9890de84975c0cd8723a847bf65f35653d3ebcf77018e8ad91529d56e978ab80f4c64c9f4f07ef9e56e7a9fda3be44249c344a93ba11fccff79
  languageName: node
  linkType: hard

"pug-lexer@npm:^5.0.1":
  version: 5.0.1
  resolution: "pug-lexer@npm:5.0.1"
  dependencies:
    character-parser: "npm:^2.2.0"
    is-expression: "npm:^4.0.0"
    pug-error: "npm:^2.0.0"
  checksum: 10c0/24195a5681953ab91c6a3ccd80a643f760dddb65e2f266bf8ccba145018ba0271536efe1572de2c2224163eb00873c2f1df0ad7ea7aa8bcbf79a66b586ca8435
  languageName: node
  linkType: hard

"railroad-diagrams@npm:^1.0.0":
  version: 1.0.0
  resolution: "railroad-diagrams@npm:1.0.0"
  checksum: 10c0/81bf8f86870a69fb9ed243102db9ad6416d09c4cb83964490d44717690e07dd982f671503236a1f8af28f4cb79d5d7a87613930f10ac08defa845ceb6764e364
  languageName: node
  linkType: hard

"randexp@npm:0.4.6":
  version: 0.4.6
  resolution: "randexp@npm:0.4.6"
  dependencies:
    discontinuous-range: "npm:1.0.0"
    ret: "npm:~0.1.10"
  checksum: 10c0/14ee14b6d7f5ce69609b51cc914fb7a7c82ad337820a141c5f762c5ad1fe868f5191ea6e82359aee019b625ee1359486628fa833909d12c3b5dd9571908c3345
  languageName: node
  linkType: hard

"regexp-to-ast@npm:0.5.0":
  version: 0.5.0
  resolution: "regexp-to-ast@npm:0.5.0"
  checksum: 10c0/16d3c3905fb24866c3bff689ab177c1e63a7283a3cd1ba95987ef86020526f9827f5c60794197311f0e8a967889131142fe7a2e5ed3523ffe2ac9f55052e1566
  languageName: node
  linkType: hard

"ret@npm:~0.1.10":
  version: 0.1.15
  resolution: "ret@npm:0.1.15"
  checksum: 10c0/01f77cad0f7ea4f955852c03d66982609893edc1240c0c964b4c9251d0f9fb6705150634060d169939b096d3b77f4c84d6b6098a5b5d340160898c8581f1f63f
  languageName: node
  linkType: hard

"sh-syntax@npm:^0.5.8":
  version: 0.5.8
  resolution: "sh-syntax@npm:0.5.8"
  dependencies:
    tslib: "npm:^2.8.1"
  checksum: 10c0/2d2609fc8760ef97175c852be26ee3eeb196078c5aec282c8b96a59ee362be4f470d3e0df4e372da6c7a7b44ccc42910cbdcb0915271b3cb6a6212d00dde116f
  languageName: node
  linkType: hard

"sql-formatter@npm:^15.6.5":
  version: 15.6.6
  resolution: "sql-formatter@npm:15.6.6"
  dependencies:
    argparse: "npm:^2.0.1"
    nearley: "npm:^2.20.1"
  bin:
    sql-formatter: bin/sql-formatter-cli.cjs
  checksum: 10c0/32fc38574d9aa41adeb74f94d36f21259682617ed430311c39f44849c8049f8d1ec4b25a30c6ab51d933aaeb2f12ab22470b6536a6a0feb77b8d5414dfcb18e7
  languageName: node
  linkType: hard

"tiny-jsonc@npm:^1.0.2":
  version: 1.0.2
  resolution: "tiny-jsonc@npm:1.0.2"
  checksum: 10c0/9d99f461611682ac5e88f8cc7eb8beef7e871f8c81216612aa1e338b7c09674bf1f682604c5d894673b3a1194b85737548bb7074c1f9f1333718243b3c219587
  languageName: node
  linkType: hard

"tslib@npm:^2.8.1":
  version: 2.8.1
  resolution: "tslib@npm:2.8.1"
  checksum: 10c0/9c4759110a19c53f992d9aae23aac5ced636e99887b51b9e61def52611732872ff7668757d4e4c61f19691e36f4da981cd9485e869b4a7408d689f6bf1f14e62
  languageName: node
  linkType: hard

"type-fest@npm:^4.35.0":
  version: 4.41.0
  resolution: "type-fest@npm:4.41.0"
  checksum: 10c0/f5ca697797ed5e88d33ac8f1fec21921839871f808dc59345c9cf67345bfb958ce41bd821165dbf3ae591cedec2bf6fe8882098dfdd8dc54320b859711a2c1e4
  languageName: node
  linkType: hard

"typescript@npm:^5.8.3":
  version: 5.8.3
  resolution: "typescript@npm:5.8.3"
  bin:
    tsc: bin/tsc
    tsserver: bin/tsserver
  checksum: 10c0/5f8bb01196e542e64d44db3d16ee0e4063ce4f3e3966df6005f2588e86d91c03e1fb131c2581baf0fb65ee79669eea6e161cd448178986587e9f6844446dbb48
  languageName: node
  linkType: hard

"typescript@patch:typescript@npm%3A^5.8.3#optional!builtin<compat/typescript>":
  version: 5.8.3
  resolution: "typescript@patch:typescript@npm%3A5.8.3#optional!builtin<compat/typescript>::version=5.8.3&hash=5786d5"
  bin:
    tsc: bin/tsc
    tsserver: bin/tsserver
  checksum: 10c0/39117e346ff8ebd87ae1510b3a77d5d92dae5a89bde588c747d25da5c146603a99c8ee588c7ef80faaf123d89ed46f6dbd918d534d641083177d5fac38b8a1cb
  languageName: node
  linkType: hard

"unist-util-stringify-position@npm:^4.0.0":
  version: 4.0.0
  resolution: "unist-util-stringify-position@npm:4.0.0"
  dependencies:
    "@types/unist": "npm:^3.0.0"
  checksum: 10c0/dfe1dbe79ba31f589108cb35e523f14029b6675d741a79dea7e5f3d098785045d556d5650ec6a8338af11e9e78d2a30df12b1ee86529cded1098da3f17ee999e
  languageName: node
  linkType: hard
